PODS:
  - Flutter (1.0.0)
  - ios_healthkit (0.0.1):
    - Flutter

DEPENDENCIES:
  - Flutter (from `Flutter`)
  - ios_healthkit (from `.symlinks/plugins/ios_healthkit/ios`)

EXTERNAL SOURCES:
  Flutter:
    :path: Flutter
  ios_healthkit:
    :path: ".symlinks/plugins/ios_healthkit/ios"

SPEC CHECKSUMS:
  Flutter: 0e3d915762c693b495b44d77113d4970485de6ec
  ios_healthkit: 628af037846e66860071c154b9b87d3910574bb3

PODFILE CHECKSUM: 083258d7f5e80b42ea9bfee905fe93049bc04c64

COCOAPODS: 1.8.3
